// !$*UTF8*$!
{
	archiveVersion = 1;
	classes = {
	};
	objectVersion = 46;
	objects = {

/* Begin PBXBuildFile section */
		840BCDFE17F3E4BB0062F895 /* darkbluebg.png in Resources */ = {isa = PBXBuildFile; fileRef = 840BCDFD17F3E4BB0062F895 /* darkbluebg.png */; };
		840BCE0017F3E4C20062F895 /* derp.png in Resources */ = {isa = PBXBuildFile; fileRef = 840BCDFF17F3E4C20062F895 /* derp.png */; };
		842A263918332AF900724B06 /* burrito-hd.png in Resources */ = {isa = PBXBuildFile; fileRef = 842A263518332AF900724B06 /* burrito-hd.png */; };
		842A263A18332AF900724B06 /* burrito.png in Resources */ = {isa = PBXBuildFile; fileRef = 842A263618332AF900724B06 /* burrito.png */; };
		842A263B18332AF900724B06 /* taco-hd.png in Resources */ = {isa = PBXBuildFile; fileRef = 842A263718332AF900724B06 /* taco-hd.png */; };
		842A263C18332AF900724B06 /* taco.png in Resources */ = {isa = PBXBuildFile; fileRef = 842A263818332AF900724B06 /* taco.png */; };
		842A2644183331C800724B06 /* burrito1.png in Resources */ = {isa = PBXBuildFile; fileRef = 842A263E183331C800724B06 /* burrito1.png */; };
		842A2645183331C800724B06 /* burrito2.jpg in Resources */ = {isa = PBXBuildFile; fileRef = 842A263F183331C800724B06 /* burrito2.jpg */; };
		842A2646183331C800724B06 /* burrito3.jpg in Resources */ = {isa = PBXBuildFile; fileRef = 842A2640183331C800724B06 /* burrito3.jpg */; };
		842A2647183331C800724B06 /* burrito4.jpg in Resources */ = {isa = PBXBuildFile; fileRef = 842A2641183331C800724B06 /* burrito4.jpg */; };
		842A2648183331C800724B06 /* burrito5.png in Resources */ = {isa = PBXBuildFile; fileRef = 842A2642183331C800724B06 /* burrito5.png */; };
		842A2649183331C800724B06 /* burrito6.jpg in Resources */ = {isa = PBXBuildFile; fileRef = 842A2643183331C800724B06 /* burrito6.jpg */; };
		842A265E183331E800724B06 /* taco1.jpg in Resources */ = {isa = PBXBuildFile; fileRef = 842A2658183331E800724B06 /* taco1.jpg */; };
		842A265F183331E800724B06 /* taco2.jpg in Resources */ = {isa = PBXBuildFile; fileRef = 842A2659183331E800724B06 /* taco2.jpg */; };
		842A2660183331E800724B06 /* taco3.jpg in Resources */ = {isa = PBXBuildFile; fileRef = 842A265A183331E800724B06 /* taco3.jpg */; };
		842A2661183331E800724B06 /* taco4.jpg in Resources */ = {isa = PBXBuildFile; fileRef = 842A265B183331E800724B06 /* taco4.jpg */; };
		842A2662183331E800724B06 /* taco5.png in Resources */ = {isa = PBXBuildFile; fileRef = 842A265C183331E800724B06 /* taco5.png */; };
		842A2663183331E800724B06 /* taco6.jpg in Resources */ = {isa = PBXBuildFile; fileRef = 842A265D183331E800724B06 /* taco6.jpg */; };
		842A26661833362900724B06 /* title-hd.png in Resources */ = {isa = PBXBuildFile; fileRef = 842A26641833362900724B06 /* title-hd.png */; };
		842A26671833362900724B06 /* title.png in Resources */ = {isa = PBXBuildFile; fileRef = 842A26651833362900724B06 /* title.png */; };
		842A266A183339D100724B06 /* gg-hd.png in Resources */ = {isa = PBXBuildFile; fileRef = 842A2668183339D100724B06 /* gg-hd.png */; };
		842A266B183339D100724B06 /* gg.png in Resources */ = {isa = PBXBuildFile; fileRef = 842A2669183339D100724B06 /* gg.png */; };
		842A266E18333B0200724B06 /* GG.m in Sources */ = {isa = PBXBuildFile; fileRef = 842A266D18333B0200724B06 /* GG.m */; };
		845264A81858065300CE14E3 /* GameKit.framework in Frameworks */ = {isa = PBXBuildFile; fileRef = 845264A71858065300CE14E3 /* GameKit.framework */; };
		84A4D6CB1834779B006B1C93 /* white.png in Resources */ = {isa = PBXBuildFile; fileRef = 84A4D6CA1834779B006B1C93 /* white.png */; };
		84A4D6CE18347C12006B1C93 /* Title.m in Sources */ = {isa = PBXBuildFile; fileRef = 84A4D6CD18347C12006B1C93 /* Title.m */; };
		84A4D6D118347C6A006B1C93 /* titlescreen-hd.png in Resources */ = {isa = PBXBuildFile; fileRef = 84A4D6CF18347C6A006B1C93 /* titlescreen-hd.png */; };
		84A4D6D218347C6A006B1C93 /* titlescreen.png in Resources */ = {isa = PBXBuildFile; fileRef = 84A4D6D018347C6A006B1C93 /* titlescreen.png */; };
		84A4D6D518347D8B006B1C93 /* start-hd.png in Resources */ = {isa = PBXBuildFile; fileRef = 84A4D6D318347D8B006B1C93 /* start-hd.png */; };
		84A4D6D618347D8B006B1C93 /* start.png in Resources */ = {isa = PBXBuildFile; fileRef = 84A4D6D418347D8B006B1C93 /* start.png */; };
		84B901E5185FD87A00FD22E5 /* taco7.gif in Resources */ = {isa = PBXBuildFile; fileRef = 84B901E1185FD87A00FD22E5 /* taco7.gif */; };
		84B901E6185FD87A00FD22E5 /* taco8.jpg in Resources */ = {isa = PBXBuildFile; fileRef = 84B901E2185FD87A00FD22E5 /* taco8.jpg */; };
		84B901E7185FD87A00FD22E5 /* taco9.jpg in Resources */ = {isa = PBXBuildFile; fileRef = 84B901E3185FD87A00FD22E5 /* taco9.jpg */; };
		84B901E8185FD87A00FD22E5 /* taco10.jpg in Resources */ = {isa = PBXBuildFile; fileRef = 84B901E4185FD87A00FD22E5 /* taco10.jpg */; };
		84B901ED185FD88400FD22E5 /* burrito7.jpg in Resources */ = {isa = PBXBuildFile; fileRef = 84B901E9185FD88400FD22E5 /* burrito7.jpg */; };
		84B901EE185FD88400FD22E5 /* burrito8.jpg in Resources */ = {isa = PBXBuildFile; fileRef = 84B901EA185FD88400FD22E5 /* burrito8.jpg */; };
		84B901EF185FD88400FD22E5 /* burrito9.jpg in Resources */ = {isa = PBXBuildFile; fileRef = 84B901EB185FD88400FD22E5 /* burrito9.jpg */; };
		84B901F0185FD88400FD22E5 /* burrito10.jpg in Resources */ = {isa = PBXBuildFile; fileRef = 84B901EC185FD88400FD22E5 /* burrito10.jpg */; };
		DC1BE6A014F417CC00F49D25 /* Ubuntu-B.ttf in Resources */ = {isa = PBXBuildFile; fileRef = DC1BE68C14F417CC00F49D25 /* Ubuntu-B.ttf */; };
		DC1BE6A114F417CC00F49D25 /* Ubuntu-BI.ttf in Resources */ = {isa = PBXBuildFile; fileRef = DC1BE68D14F417CC00F49D25 /* Ubuntu-BI.ttf */; };
		DC1BE6A214F417CC00F49D25 /* Ubuntu-C.ttf in Resources */ = {isa = PBXBuildFile; fileRef = DC1BE68E14F417CC00F49D25 /* Ubuntu-C.ttf */; };
		DC1BE6A314F417CC00F49D25 /* Ubuntu-L.ttf in Resources */ = {isa = PBXBuildFile; fileRef = DC1BE68F14F417CC00F49D25 /* Ubuntu-L.ttf */; };
		DC1BE6A414F417CC00F49D25 /* Ubuntu-LI.ttf in Resources */ = {isa = PBXBuildFile; fileRef = DC1BE69014F417CC00F49D25 /* Ubuntu-LI.ttf */; };
		DC1BE6A514F417CC00F49D25 /* Ubuntu-M.ttf in Resources */ = {isa = PBXBuildFile; fileRef = DC1BE69114F417CC00F49D25 /* Ubuntu-M.ttf */; };
		DC1BE6A614F417CC00F49D25 /* Ubuntu-MI.ttf in Resources */ = {isa = PBXBuildFile; fileRef = DC1BE69214F417CC00F49D25 /* Ubuntu-MI.ttf */; };
		DC1BE6A714F417CC00F49D25 /* Ubuntu-R.ttf in Resources */ = {isa = PBXBuildFile; fileRef = DC1BE69314F417CC00F49D25 /* Ubuntu-R.ttf */; };
		DC1BE6A814F417CC00F49D25 /* Ubuntu-RI.ttf in Resources */ = {isa = PBXBuildFile; fileRef = DC1BE69414F417CC00F49D25 /* Ubuntu-RI.ttf */; };
		DC1BE6A914F417CC00F49D25 /* UbuntuMono-B.ttf in Resources */ = {isa = PBXBuildFile; fileRef = DC1BE69514F417CC00F49D25 /* UbuntuMono-B.ttf */; };
		DC1BE6AA14F417CC00F49D25 /* UbuntuMono-BI.ttf in Resources */ = {isa = PBXBuildFile; fileRef = DC1BE69614F417CC00F49D25 /* UbuntuMono-BI.ttf */; };
		DC1BE6AB14F417CC00F49D25 /* UbuntuMono-R.ttf in Resources */ = {isa = PBXBuildFile; fileRef = DC1BE69714F417CC00F49D25 /* UbuntuMono-R.ttf */; };
		DC1BE6AC14F417CC00F49D25 /* UbuntuMono-RI.ttf in Resources */ = {isa = PBXBuildFile; fileRef = DC1BE69814F417CC00F49D25 /* UbuntuMono-RI.ttf */; };
		DC26D6DA14B9F2C600B6002E /* fps_images-hd.png in Resources */ = {isa = PBXBuildFile; fileRef = DC26D6D914B9F2C600B6002E /* fps_images-hd.png */; };
		DC26D6DB14B9F2C600B6002E /* fps_images-hd.png in Resources */ = {isa = PBXBuildFile; fileRef = DC26D6D914B9F2C600B6002E /* fps_images-hd.png */; };
		DC2721A2160CAEB600D88944 /* Default-568h@2x.png in Resources */ = {isa = PBXBuildFile; fileRef = DC2721A1160CAEB600D88944 /* Default-568h@2x.png */; };
		DC2721AA160CAFC700D88944 /* iTunesArtwork in Resources */ = {isa = PBXBuildFile; fileRef = DC2721A9160CAFC700D88944 /* iTunesArtwork */; };
		DC275D2B13B27DBF009C5098 /* Pow.caf in Resources */ = {isa = PBXBuildFile; fileRef = DC275D2A13B27DBF009C5098 /* Pow.caf */; };
		DC275D2C13B27DBF009C5098 /* Pow.caf in Resources */ = {isa = PBXBuildFile; fileRef = DC275D2A13B27DBF009C5098 /* Pow.caf */; };
		DC485B1113AA0E5600F2BC70 /* libchipmunk-mac.a in Frameworks */ = {isa = PBXBuildFile; fileRef = DC485B0D13AA0E5600F2BC70 /* libchipmunk-mac.a */; };
		DC485B1713AA0EBB00F2BC70 /* libbox2d-mac.a in Frameworks */ = {isa = PBXBuildFile; fileRef = DC485B1613AA0EBB00F2BC70 /* libbox2d-mac.a */; };
		DC485B4613AA18A600F2BC70 /* libcocosdenshion-mac.a in Frameworks */ = {isa = PBXBuildFile; fileRef = DC485B4513AA18A600F2BC70 /* libcocosdenshion-mac.a */; };
		DC485B4813AA194F00F2BC70 /* ship.png in Resources */ = {isa = PBXBuildFile; fileRef = DC485B4713AA194F00F2BC70 /* ship.png */; };
		DC485B4913AA194F00F2BC70 /* ship.png in Resources */ = {isa = PBXBuildFile; fileRef = DC485B4713AA194F00F2BC70 /* ship.png */; };
		DC485B4B13AA1C0E00F2BC70 /* ship-hd.png in Resources */ = {isa = PBXBuildFile; fileRef = DC485B4A13AA1C0E00F2BC70 /* ship-hd.png */; };
		DC485B4C13AA1C0E00F2BC70 /* ship-hd.png in Resources */ = {isa = PBXBuildFile; fileRef = DC485B4A13AA1C0E00F2BC70 /* ship-hd.png */; };
		DC65615C13A969B600A7AC53 /* libbox2d-ios.a in Frameworks */ = {isa = PBXBuildFile; fileRef = DC65615013A969B600A7AC53 /* libbox2d-ios.a */; };
		DC65615D13A969B600A7AC53 /* libchipmunk-ios.a in Frameworks */ = {isa = PBXBuildFile; fileRef = DC65615113A969B600A7AC53 /* libchipmunk-ios.a */; };
		DC65615E13A969B600A7AC53 /* libchipmunk-spacemanager-ios.a in Frameworks */ = {isa = PBXBuildFile; fileRef = DC65615213A969B600A7AC53 /* libchipmunk-spacemanager-ios.a */; };
		DC65616013A969B600A7AC53 /* libcocos2d-extensions-ios.a in Frameworks */ = {isa = PBXBuildFile; fileRef = DC65615413A969B600A7AC53 /* libcocos2d-extensions-ios.a */; };
		DC65616113A969B600A7AC53 /* libcocos2d-ios.a in Frameworks */ = {isa = PBXBuildFile; fileRef = DC65615513A969B600A7AC53 /* libcocos2d-ios.a */; };
		DC65616213A969B600A7AC53 /* libcocos3d-ios.a in Frameworks */ = {isa = PBXBuildFile; fileRef = DC65615613A969B600A7AC53 /* libcocos3d-ios.a */; };
		DC65616313A969B600A7AC53 /* libcocosdenshion-ios.a in Frameworks */ = {isa = PBXBuildFile; fileRef = DC65615713A969B600A7AC53 /* libcocosdenshion-ios.a */; };
		DC65616413A969B600A7AC53 /* libkobold2d-ios.a in Frameworks */ = {isa = PBXBuildFile; fileRef = DC65615813A969B600A7AC53 /* libkobold2d-ios.a */; };
		DC65616513A969B600A7AC53 /* libobjectal-ios.a in Frameworks */ = {isa = PBXBuildFile; fileRef = DC65615913A969B600A7AC53 /* libobjectal-ios.a */; };
		DC65616613A969B600A7AC53 /* libsneakyinput-ios.a in Frameworks */ = {isa = PBXBuildFile; fileRef = DC65615A13A969B600A7AC53 /* libsneakyinput-ios.a */; };
		DC65617315114B4A00E59F8A /* fps_images-ipadhd.png in Resources */ = {isa = PBXBuildFile; fileRef = DC65617215114B4A00E59F8A /* fps_images-ipadhd.png */; };
		DC979E3E13B35F8800656CB9 /* libcocos2d-extensions-mac.a in Frameworks */ = {isa = PBXBuildFile; fileRef = DC979E3D13B35F8800656CB9 /* libcocos2d-extensions-mac.a */; };
		DC979E5A13B3607E00656CB9 /* libchipmunk-spacemanager-mac.a in Frameworks */ = {isa = PBXBuildFile; fileRef = DC979E5913B3607E00656CB9 /* libchipmunk-spacemanager-mac.a */; };
		DCC1A0FA13A94ED5005BD75D /* Default.png in Resources */ = {isa = PBXBuildFile; fileRef = DCC1A0F913A94ED5005BD75D /* Default.png */; };
		DCC1A0FC13A94ED5005BD75D /* fps_images.png in Resources */ = {isa = PBXBuildFile; fileRef = DCC1A0FB13A94ED5005BD75D /* fps_images.png */; };
		DCC1A0FE13A94ED5005BD75D /* Icon-72.png in Resources */ = {isa = PBXBuildFile; fileRef = DCC1A0FD13A94ED5005BD75D /* Icon-72.png */; };
		DCC1A10013A94ED5005BD75D /* Icon-Small-50.png in Resources */ = {isa = PBXBuildFile; fileRef = DCC1A0FF13A94ED5005BD75D /* Icon-Small-50.png */; };
		DCC1A10213A94ED5005BD75D /* Icon-Small.png in Resources */ = {isa = PBXBuildFile; fileRef = DCC1A10113A94ED5005BD75D /* Icon-Small.png */; };
		DCC1A10413A94ED5005BD75D /* Icon-Small@2x.png in Resources */ = {isa = PBXBuildFile; fileRef = DCC1A10313A94ED5005BD75D /* Icon-Small@2x.png */; };
		DCC1A10613A94ED5005BD75D /* Icon.png in Resources */ = {isa = PBXBuildFile; fileRef = DCC1A10513A94ED5005BD75D /* Icon.png */; };
		DCC1A10813A94ED5005BD75D /* Icon@2x.png in Resources */ = {isa = PBXBuildFile; fileRef = DCC1A10713A94ED5005BD75D /* Icon@2x.png */; };
		DCC1A26913A94EE6005BD75D /* InfoPlist.strings in Resources */ = {isa = PBXBuildFile; fileRef = DCC1A26713A94EE6005BD75D /* InfoPlist.strings */; };
		DCC1A26C13A94EE6005BD75D /* MainMenu.xib in Resources */ = {isa = PBXBuildFile; fileRef = DCC1A26A13A94EE6005BD75D /* MainMenu.xib */; };
		DCC1A26E13A94EE6005BD75D /* fps_images.png in Resources */ = {isa = PBXBuildFile; fileRef = DCC1A26D13A94EE6005BD75D /* fps_images.png */; };
		DCC1A27013A94EE6005BD75D /* icon.icns in Resources */ = {isa = PBXBuildFile; fileRef = DCC1A26F13A94EE6005BD75D /* icon.icns */; };
		DCC1A3A913A94F1A005BD75D /* AppDelegate.m in Sources */ = {isa = PBXBuildFile; fileRef = DCC1A38E13A94F1A005BD75D /* AppDelegate.m */; };
		DCC1A3AA13A94F1A005BD75D /* AppDelegate.m in Sources */ = {isa = PBXBuildFile; fileRef = DCC1A38E13A94F1A005BD75D /* AppDelegate.m */; };
		DCC1A3AB13A94F1A005BD75D /* HelloWorldLayer.m in Sources */ = {isa = PBXBuildFile; fileRef = DCC1A39013A94F1A005BD75D /* HelloWorldLayer.m */; };
		DCC1A3AC13A94F1A005BD75D /* HelloWorldLayer.m in Sources */ = {isa = PBXBuildFile; fileRef = DCC1A39013A94F1A005BD75D /* HelloWorldLayer.m */; };
		DCC1A3AD13A94F1A005BD75D /* main.m in Sources */ = {isa = PBXBuildFile; fileRef = DCC1A39113A94F1A005BD75D /* main.m */; };
		DCC1A3AE13A94F1A005BD75D /* main.m in Sources */ = {isa = PBXBuildFile; fileRef = DCC1A39113A94F1A005BD75D /* main.m */; };
		DCC1A3AF13A94F1A005BD75D /* config.lua in Resources */ = {isa = PBXBuildFile; fileRef = DCC1A39513A94F1A005BD75D /* config.lua */; };
		DCC1A3B013A94F1A005BD75D /* config.lua in Resources */ = {isa = PBXBuildFile; fileRef = DCC1A39513A94F1A005BD75D /* config.lua */; };
		DCF95CD213A97EC500AE3B80 /* libcocos2d-mac.a in Frameworks */ = {isa = PBXBuildFile; fileRef = DCF95CC913A97EC500AE3B80 /* libcocos2d-mac.a */; };
		DCF95CD413A97EC500AE3B80 /* libkobold2d-mac.a in Frameworks */ = {isa = PBXBuildFile; fileRef = DCF95CCB13A97EC500AE3B80 /* libkobold2d-mac.a */; };
/* End PBXBuildFile section */

/* Begin PBXFileReference section */
		840BCDFD17F3E4BB0062F895 /* darkbluebg.png */ = {isa = PBXFileReference; lastKnownFileType = image.png; path = darkbluebg.png; sourceTree = "<group>"; };
		840BCDFF17F3E4C20062F895 /* derp.png */ = {isa = PBXFileReference; lastKnownFileType = image.png; path = derp.png; sourceTree = "<group>"; };
		842A263518332AF900724B06 /* burrito-hd.png */ = {isa = PBXFileReference; lastKnownFileType = image.png; path = "burrito-hd.png"; sourceTree = "<group>"; };
		842A263618332AF900724B06 /* burrito.png */ = {isa = PBXFileReference; lastKnownFileType = image.png; path = burrito.png; sourceTree = "<group>"; };
		842A263718332AF900724B06 /* taco-hd.png */ = {isa = PBXFileReference; lastKnownFileType = image.png; path = "taco-hd.png"; sourceTree = "<group>"; };
		842A263818332AF900724B06 /* taco.png */ = {isa = PBXFileReference; lastKnownFileType = image.png; path = taco.png; sourceTree = "<group>"; };
		842A263E183331C800724B06 /* burrito1.png */ = {isa = PBXFileReference; lastKnownFileType = image.png; path = burrito1.png; sourceTree = "<group>"; };
		842A263F183331C800724B06 /* burrito2.jpg */ = {isa = PBXFileReference; lastKnownFileType = image.jpeg; path = burrito2.jpg; sourceTree = "<group>"; };
		842A2640183331C800724B06 /* burrito3.jpg */ = {isa = PBXFileReference; lastKnownFileType = image.jpeg; path = burrito3.jpg; sourceTree = "<group>"; };
		842A2641183331C800724B06 /* burrito4.jpg */ = {isa = PBXFileReference; lastKnownFileType = image.jpeg; path = burrito4.jpg; sourceTree = "<group>"; };
		842A2642183331C800724B06 /* burrito5.png */ = {isa = PBXFileReference; lastKnownFileType = image.png; path = burrito5.png; sourceTree = "<group>"; };
		842A2643183331C800724B06 /* burrito6.jpg */ = {isa = PBXFileReference; lastKnownFileType = image.jpeg; path = burrito6.jpg; sourceTree = "<group>"; };
		842A2658183331E800724B06 /* taco1.jpg */ = {isa = PBXFileReference; lastKnownFileType = image.jpeg; path = taco1.jpg; sourceTree = "<group>"; };
		842A2659183331E800724B06 /* taco2.jpg */ = {isa = PBXFileReference; lastKnownFileType = image.jpeg; path = taco2.jpg; sourceTree = "<group>"; };
		842A265A183331E800724B06 /* taco3.jpg */ = {isa = PBXFileReference; lastKnownFileType = image.jpeg; path = taco3.jpg; sourceTree = "<group>"; };
		842A265B183331E800724B06 /* taco4.jpg */ = {isa = PBXFileReference; lastKnownFileType = image.jpeg; path = taco4.jpg; sourceTree = "<group>"; };
		842A265C183331E800724B06 /* taco5.png */ = {isa = PBXFileReference; lastKnownFileType = image.png; path = taco5.png; sourceTree = "<group>"; };
		842A265D183331E800724B06 /* taco6.jpg */ = {isa = PBXFileReference; lastKnownFileType = image.jpeg; path = taco6.jpg; sourceTree = "<group>"; };
		842A26641833362900724B06 /* title-hd.png */ = {isa = PBXFileReference; lastKnownFileType = image.png; path = "title-hd.png"; sourceTree = "<group>"; };
		842A26651833362900724B06 /* title.png */ = {isa = PBXFileReference; lastKnownFileType = image.png; path = title.png; sourceTree = "<group>"; };
		842A2668183339D100724B06 /* gg-hd.png */ = {isa = PBXFileReference; lastKnownFileType = image.png; path = "gg-hd.png"; sourceTree = "<group>"; };
		842A2669183339D100724B06 /* gg.png */ = {isa = PBXFileReference; lastKnownFileType = image.png; path = gg.png; sourceTree = "<group>"; };
		842A266C18333B0200724B06 /* GG.h */ = {isa = PBXFileReference; fileEncoding = 4; lastKnownFileType = sourcecode.c.h; path = GG.h; sourceTree = "<group>"; };
		842A266D18333B0200724B06 /* GG.m */ = {isa = PBXFileReference; fileEncoding = 4; lastKnownFileType = sourcecode.c.objc; path = GG.m; sourceTree = "<group>"; };
		845264A71858065300CE14E3 /* GameKit.framework */ = {isa = PBXFileReference; lastKnownFileType = wrapper.framework; name = GameKit.framework; path = Platforms/iPhoneOS.platform/Developer/SDKs/iPhoneOS6.1.sdk/System/Library/Frameworks/GameKit.framework; sourceTree = DEVELOPER_DIR; };
		84A4D6CA1834779B006B1C93 /* white.png */ = {isa = PBXFileReference; lastKnownFileType = image.png; path = white.png; sourceTree = "<group>"; };
		84A4D6CC18347C12006B1C93 /* Title.h */ = {isa = PBXFileReference; fileEncoding = 4; lastKnownFileType = sourcecode.c.h; path = Title.h; sourceTree = "<group>"; };
		84A4D6CD18347C12006B1C93 /* Title.m */ = {isa = PBXFileReference; fileEncoding = 4; lastKnownFileType = sourcecode.c.objc; path = Title.m; sourceTree = "<group>"; };
		84A4D6CF18347C6A006B1C93 /* titlescreen-hd.png */ = {isa = PBXFileReference; lastKnownFileType = image.png; path = "titlescreen-hd.png"; sourceTree = "<group>"; };
		84A4D6D018347C6A006B1C93 /* titlescreen.png */ = {isa = PBXFileReference; lastKnownFileType = image.png; path = titlescreen.png; sourceTree = "<group>"; };
		84A4D6D318347D8B006B1C93 /* start-hd.png */ = {isa = PBXFileReference; lastKnownFileType = image.png; path = "start-hd.png"; sourceTree = "<group>"; };
		84A4D6D418347D8B006B1C93 /* start.png */ = {isa = PBXFileReference; lastKnownFileType = image.png; path = start.png; sourceTree = "<group>"; };
		84B901E1185FD87A00FD22E5 /* taco7.gif */ = {isa = PBXFileReference; lastKnownFileType = image.gif; path = taco7.gif; sourceTree = "<group>"; };
		84B901E2185FD87A00FD22E5 /* taco8.jpg */ = {isa = PBXFileReference; lastKnownFileType = image.jpeg; path = taco8.jpg; sourceTree = "<group>"; };
		84B901E3185FD87A00FD22E5 /* taco9.jpg */ = {isa = PBXFileReference; lastKnownFileType = image.jpeg; path = taco9.jpg; sourceTree = "<group>"; };
		84B901E4185FD87A00FD22E5 /* taco10.jpg */ = {isa = PBXFileReference; lastKnownFileType = image.jpeg; path = taco10.jpg; sourceTree = "<group>"; };
		84B901E9185FD88400FD22E5 /* burrito7.jpg */ = {isa = PBXFileReference; lastKnownFileType = image.jpeg; path = burrito7.jpg; sourceTree = "<group>"; };
		84B901EA185FD88400FD22E5 /* burrito8.jpg */ = {isa = PBXFileReference; lastKnownFileType = image.jpeg; path = burrito8.jpg; sourceTree = "<group>"; };
		84B901EB185FD88400FD22E5 /* burrito9.jpg */ = {isa = PBXFileReference; lastKnownFileType = image.jpeg; path = burrito9.jpg; sourceTree = "<group>"; };
		84B901EC185FD88400FD22E5 /* burrito10.jpg */ = {isa = PBXFileReference; lastKnownFileType = image.jpeg; path = burrito10.jpg; sourceTree = "<group>"; };
		DC1BE68614F417CC00F49D25 /* copyright.txt */ = {isa = PBXFileReference; fileEncoding = 4; lastKnownFileType = text; path = copyright.txt; sourceTree = "<group>"; };
		DC1BE68914F417CC00F49D25 /* LICENCE.txt */ = {isa = PBXFileReference; fileEncoding = 4; lastKnownFileType = text; path = LICENCE.txt; sourceTree = "<group>"; };
		DC1BE68C14F417CC00F49D25 /* Ubuntu-B.ttf */ = {isa = PBXFileReference; lastKnownFileType = file; path = "Ubuntu-B.ttf"; sourceTree = "<group>"; };
		DC1BE68D14F417CC00F49D25 /* Ubuntu-BI.ttf */ = {isa = PBXFileReference; lastKnownFileType = file; path = "Ubuntu-BI.ttf"; sourceTree = "<group>"; };
		DC1BE68E14F417CC00F49D25 /* Ubuntu-C.ttf */ = {isa = PBXFileReference; lastKnownFileType = file; path = "Ubuntu-C.ttf"; sourceTree = "<group>"; };
		DC1BE68F14F417CC00F49D25 /* Ubuntu-L.ttf */ = {isa = PBXFileReference; lastKnownFileType = file; path = "Ubuntu-L.ttf"; sourceTree = "<group>"; };
		DC1BE69014F417CC00F49D25 /* Ubuntu-LI.ttf */ = {isa = PBXFileReference; lastKnownFileType = file; path = "Ubuntu-LI.ttf"; sourceTree = "<group>"; };
		DC1BE69114F417CC00F49D25 /* Ubuntu-M.ttf */ = {isa = PBXFileReference; lastKnownFileType = file; path = "Ubuntu-M.ttf"; sourceTree = "<group>"; };
		DC1BE69214F417CC00F49D25 /* Ubuntu-MI.ttf */ = {isa = PBXFileReference; lastKnownFileType = file; path = "Ubuntu-MI.ttf"; sourceTree = "<group>"; };
		DC1BE69314F417CC00F49D25 /* Ubuntu-R.ttf */ = {isa = PBXFileReference; lastKnownFileType = file; path = "Ubuntu-R.ttf"; sourceTree = "<group>"; };
		DC1BE69414F417CC00F49D25 /* Ubuntu-RI.ttf */ = {isa = PBXFileReference; lastKnownFileType = file; path = "Ubuntu-RI.ttf"; sourceTree = "<group>"; };
		DC1BE69514F417CC00F49D25 /* UbuntuMono-B.ttf */ = {isa = PBXFileReference; lastKnownFileType = file; path = "UbuntuMono-B.ttf"; sourceTree = "<group>"; };
		DC1BE69614F417CC00F49D25 /* UbuntuMono-BI.ttf */ = {isa = PBXFileReference; lastKnownFileType = file; path = "UbuntuMono-BI.ttf"; sourceTree = "<group>"; };
		DC1BE69714F417CC00F49D25 /* UbuntuMono-R.ttf */ = {isa = PBXFileReference; lastKnownFileType = file; path = "UbuntuMono-R.ttf"; sourceTree = "<group>"; };
		DC1BE69814F417CC00F49D25 /* UbuntuMono-RI.ttf */ = {isa = PBXFileReference; lastKnownFileType = file; path = "UbuntuMono-RI.ttf"; sourceTree = "<group>"; };
		DC26D6D914B9F2C600B6002E /* fps_images-hd.png */ = {isa = PBXFileReference; lastKnownFileType = image.png; path = "fps_images-hd.png"; sourceTree = "<group>"; };
		DC2721A1160CAEB600D88944 /* Default-568h@2x.png */ = {isa = PBXFileReference; lastKnownFileType = image.png; path = "Default-568h@2x.png"; sourceTree = "<group>"; };
		DC2721A9160CAFC700D88944 /* iTunesArtwork */ = {isa = PBXFileReference; lastKnownFileType = file; path = iTunesArtwork; sourceTree = "<group>"; };
		DC275D2A13B27DBF009C5098 /* Pow.caf */ = {isa = PBXFileReference; lastKnownFileType = file; path = Pow.caf; sourceTree = "<group>"; };
		DC3BE97813B4FB71003739CC /* BuildSettings-iOS.xcconfig */ = {isa = PBXFileReference; lastKnownFileType = text.xcconfig; path = "BuildSettings-iOS.xcconfig"; sourceTree = "<group>"; };
		DC485B0D13AA0E5600F2BC70 /* libchipmunk-mac.a */ = {isa = PBXFileReference; explicitFileType = archive.ar; path = "libchipmunk-mac.a"; sourceTree = BUILT_PRODUCTS_DIR; };
		DC485B1613AA0EBB00F2BC70 /* libbox2d-mac.a */ = {isa = PBXFileReference; explicitFileType = archive.ar; path = "libbox2d-mac.a"; sourceTree = BUILT_PRODUCTS_DIR; };
		DC485B4513AA18A600F2BC70 /* libcocosdenshion-mac.a */ = {isa = PBXFileReference; explicitFileType = archive.ar; path = "libcocosdenshion-mac.a"; sourceTree = BUILT_PRODUCTS_DIR; };
		DC485B4713AA194F00F2BC70 /* ship.png */ = {isa = PBXFileReference; lastKnownFileType = image.png; path = ship.png; sourceTree = "<group>"; };
		DC485B4A13AA1C0E00F2BC70 /* ship-hd.png */ = {isa = PBXFileReference; lastKnownFileType = image.png; path = "ship-hd.png"; sourceTree = "<group>"; };
		DC65615013A969B600A7AC53 /* libbox2d-ios.a */ = {isa = PBXFileReference; explicitFileType = archive.ar; path = "libbox2d-ios.a"; sourceTree = BUILT_PRODUCTS_DIR; };
		DC65615113A969B600A7AC53 /* libchipmunk-ios.a */ = {isa = PBXFileReference; explicitFileType = archive.ar; path = "libchipmunk-ios.a"; sourceTree = BUILT_PRODUCTS_DIR; };
		DC65615213A969B600A7AC53 /* libchipmunk-spacemanager-ios.a */ = {isa = PBXFileReference; explicitFileType = archive.ar; path = "libchipmunk-spacemanager-ios.a"; sourceTree = BUILT_PRODUCTS_DIR; };
		DC65615413A969B600A7AC53 /* libcocos2d-extensions-ios.a */ = {isa = PBXFileReference; explicitFileType = archive.ar; path = "libcocos2d-extensions-ios.a"; sourceTree = BUILT_PRODUCTS_DIR; };
		DC65615513A969B600A7AC53 /* libcocos2d-ios.a */ = {isa = PBXFileReference; explicitFileType = archive.ar; path = "libcocos2d-ios.a"; sourceTree = BUILT_PRODUCTS_DIR; };
		DC65615613A969B600A7AC53 /* libcocos3d-ios.a */ = {isa = PBXFileReference; explicitFileType = archive.ar; path = "libcocos3d-ios.a"; sourceTree = BUILT_PRODUCTS_DIR; };
		DC65615713A969B600A7AC53 /* libcocosdenshion-ios.a */ = {isa = PBXFileReference; explicitFileType = archive.ar; path = "libcocosdenshion-ios.a"; sourceTree = BUILT_PRODUCTS_DIR; };
		DC65615813A969B600A7AC53 /* libkobold2d-ios.a */ = {isa = PBXFileReference; explicitFileType = archive.ar; path = "libkobold2d-ios.a"; sourceTree = BUILT_PRODUCTS_DIR; };
		DC65615913A969B600A7AC53 /* libobjectal-ios.a */ = {isa = PBXFileReference; explicitFileType = archive.ar; path = "libobjectal-ios.a"; sourceTree = BUILT_PRODUCTS_DIR; };
		DC65615A13A969B600A7AC53 /* libsneakyinput-ios.a */ = {isa = PBXFileReference; explicitFileType = archive.ar; path = "libsneakyinput-ios.a"; sourceTree = BUILT_PRODUCTS_DIR; };
		DC65617215114B4A00E59F8A /* fps_images-ipadhd.png */ = {isa = PBXFileReference; lastKnownFileType = image.png; path = "fps_images-ipadhd.png"; sourceTree = "<group>"; };
		DC979E3D13B35F8800656CB9 /* libcocos2d-extensions-mac.a */ = {isa = PBXFileReference; explicitFileType = archive.ar; path = "libcocos2d-extensions-mac.a"; sourceTree = BUILT_PRODUCTS_DIR; };
		DC979E5913B3607E00656CB9 /* libchipmunk-spacemanager-mac.a */ = {isa = PBXFileReference; explicitFileType = archive.ar; path = "libchipmunk-spacemanager-mac.a"; sourceTree = BUILT_PRODUCTS_DIR; };
		DC9C33E713B5024400931BF2 /* BuildSettings-Debug-Mac.xcconfig */ = {isa = PBXFileReference; lastKnownFileType = text.xcconfig; path = "BuildSettings-Debug-Mac.xcconfig"; sourceTree = "<group>"; };
		DC9C33E813B5024400931BF2 /* BuildSettings-Mac.xcconfig */ = {isa = PBXFileReference; lastKnownFileType = text.xcconfig; path = "BuildSettings-Mac.xcconfig"; sourceTree = "<group>"; };
		DC9C33E913B5024400931BF2 /* BuildSettings-Release-Mac.xcconfig */ = {isa = PBXFileReference; lastKnownFileType = text.xcconfig; path = "BuildSettings-Release-Mac.xcconfig"; sourceTree = "<group>"; };
		DCC1A0E313A94ED5005BD75D /* TacoBurrito-iOS.app */ = {isa = PBXFileReference; explicitFileType = wrapper.application; includeInIndex = 0; path = "TacoBurrito-iOS.app"; sourceTree = BUILT_PRODUCTS_DIR; };
		DCC1A0F913A94ED5005BD75D /* Default.png */ = {isa = PBXFileReference; lastKnownFileType = image.png; path = Default.png; sourceTree = "<group>"; };
		DCC1A0FB13A94ED5005BD75D /* fps_images.png */ = {isa = PBXFileReference; lastKnownFileType = image.png; path = fps_images.png; sourceTree = "<group>"; };
		DCC1A0FD13A94ED5005BD75D /* Icon-72.png */ = {isa = PBXFileReference; lastKnownFileType = image.png; path = "Icon-72.png"; sourceTree = "<group>"; };
		DCC1A0FF13A94ED5005BD75D /* Icon-Small-50.png */ = {isa = PBXFileReference; lastKnownFileType = image.png; path = "Icon-Small-50.png"; sourceTree = "<group>"; };
		DCC1A10113A94ED5005BD75D /* Icon-Small.png */ = {isa = PBXFileReference; lastKnownFileType = image.png; path = "Icon-Small.png"; sourceTree = "<group>"; };
		DCC1A10313A94ED5005BD75D /* Icon-Small@2x.png */ = {isa = PBXFileReference; lastKnownFileType = image.png; path = "Icon-Small@2x.png"; sourceTree = "<group>"; };
		DCC1A10513A94ED5005BD75D /* Icon.png */ = {isa = PBXFileReference; lastKnownFileType = image.png; path = Icon.png; sourceTree = "<group>"; };
		DCC1A10713A94ED5005BD75D /* Icon@2x.png */ = {isa = PBXFileReference; lastKnownFileType = image.png; path = "Icon@2x.png"; sourceTree = "<group>"; };
		DCC1A10913A94ED5005BD75D /* Info.plist */ = {isa = PBXFileReference; lastKnownFileType = text.plist.xml; path = Info.plist; sourceTree = "<group>"; };
		DCC1A25A13A94EE6005BD75D /* TacoBurrito-Mac.app */ = {isa = PBXFileReference; explicitFileType = wrapper.application; includeInIndex = 0; path = "TacoBurrito-Mac.app"; sourceTree = BUILT_PRODUCTS_DIR; };
		DCC1A26813A94EE6005BD75D /* English */ = {isa = PBXFileReference; lastKnownFileType = text.plist.strings; name = English; path = Resources/English.lproj/InfoPlist.strings; sourceTree = "<group>"; };
		DCC1A26B13A94EE6005BD75D /* English */ = {isa = PBXFileReference; lastKnownFileType = file.xib; name = English; path = Resources/English.lproj/MainMenu.xib; sourceTree = "<group>"; };
		DCC1A26D13A94EE6005BD75D /* fps_images.png */ = {isa = PBXFileReference; lastKnownFileType = image.png; name = fps_images.png; path = Resources/fps_images.png; sourceTree = "<group>"; };
		DCC1A26F13A94EE6005BD75D /* icon.icns */ = {isa = PBXFileReference; lastKnownFileType = image.icns; name = icon.icns; path = Resources/icon.icns; sourceTree = "<group>"; };
		DCC1A27113A94EE6005BD75D /* Info.plist */ = {isa = PBXFileReference; lastKnownFileType = text.plist.xml; name = Info.plist; path = Resources/Info.plist; sourceTree = "<group>"; };
		DCC1A38D13A94F1A005BD75D /* AppDelegate.h */ = {isa = PBXFileReference; fileEncoding = 4; lastKnownFileType = sourcecode.c.h; path = AppDelegate.h; sourceTree = "<group>"; };
		DCC1A38E13A94F1A005BD75D /* AppDelegate.m */ = {isa = PBXFileReference; fileEncoding = 4; lastKnownFileType = sourcecode.c.objc; path = AppDelegate.m; sourceTree = "<group>"; };
		DCC1A38F13A94F1A005BD75D /* HelloWorldLayer.h */ = {isa = PBXFileReference; fileEncoding = 4; lastKnownFileType = sourcecode.c.h; path = HelloWorldLayer.h; sourceTree = "<group>"; };
		DCC1A39013A94F1A005BD75D /* HelloWorldLayer.m */ = {isa = PBXFileReference; fileEncoding = 4; lastKnownFileType = sourcecode.c.objc; path = HelloWorldLayer.m; sourceTree = "<group>"; };
		DCC1A39113A94F1A005BD75D /* main.m */ = {isa = PBXFileReference; fileEncoding = 4; lastKnownFileType = sourcecode.c.objc; path = main.m; sourceTree = "<group>"; };
		DCC1A39213A94F1A005BD75D /* Prefix-iOS.pch */ = {isa = PBXFileReference; fileEncoding = 4; lastKnownFileType = sourcecode.c.h; path = "Prefix-iOS.pch"; sourceTree = "<group>"; };
		DCC1A39313A94F1A005BD75D /* Prefix-Mac.pch */ = {isa = PBXFileReference; fileEncoding = 4; lastKnownFileType = sourcecode.c.h; path = "Prefix-Mac.pch"; sourceTree = "<group>"; };
		DCC1A39513A94F1A005BD75D /* config.lua */ = {isa = PBXFileReference; explicitFileType = sourcecode.applescript; fileEncoding = 4; path = config.lua; sourceTree = "<group>"; };
		DCF95CC913A97EC500AE3B80 /* libcocos2d-mac.a */ = {isa = PBXFileReference; explicitFileType = archive.ar; path = "libcocos2d-mac.a"; sourceTree = BUILT_PRODUCTS_DIR; };
		DCF95CCB13A97EC500AE3B80 /* libkobold2d-mac.a */ = {isa = PBXFileReference; explicitFileType = archive.ar; path = "libkobold2d-mac.a"; sourceTree = BUILT_PRODUCTS_DIR; };
		DCFA90EF13B4F6F7009DD35A /* BuildSettings-Debug-iOS.xcconfig */ = {isa = PBXFileReference; lastKnownFileType = text.xcconfig; path = "BuildSettings-Debug-iOS.xcconfig"; sourceTree = "<group>"; };
		DCFA90F013B4F811009DD35A /* BuildSettings-Release-iOS.xcconfig */ = {isa = PBXFileReference; lastKnownFileType = text.xcconfig; path = "BuildSettings-Release-iOS.xcconfig"; sourceTree = "<group>"; };
/* End PBXFileReference section */

/* Begin PBXFrameworksBuildPhase section */
		DCC1A0E013A94ED5005BD75D /* Frameworks */ = {
			isa = PBXFrameworksBuildPhase;
			buildActionMask = 2147483647;
			files = (
				845264A81858065300CE14E3 /* GameKit.framework in Frameworks */,
				DC65615C13A969B600A7AC53 /* libbox2d-ios.a in Frameworks */,
				DC65615D13A969B600A7AC53 /* libchipmunk-ios.a in Frameworks */,
				DC65615E13A969B600A7AC53 /* libchipmunk-spacemanager-ios.a in Frameworks */,
				DC65616013A969B600A7AC53 /* libcocos2d-extensions-ios.a in Frameworks */,
				DC65616113A969B600A7AC53 /* libcocos2d-ios.a in Frameworks */,
				DC65616213A969B600A7AC53 /* libcocos3d-ios.a in Frameworks */,
				DC65616313A969B600A7AC53 /* libcocosdenshion-ios.a in Frameworks */,
				DC65616413A969B600A7AC53 /* libkobold2d-ios.a in Frameworks */,
				DC65616513A969B600A7AC53 /* libobjectal-ios.a in Frameworks */,
				DC65616613A969B600A7AC53 /* libsneakyinput-ios.a in Frameworks */,
			);
			runOnlyForDeploymentPostprocessing = 0;
		};
		DCC1A25713A94EE6005BD75D /* Frameworks */ = {
			isa = PBXFrameworksBuildPhase;
			buildActionMask = 2147483647;
			files = (
				DC979E5A13B3607E00656CB9 /* libchipmunk-spacemanager-mac.a in Frameworks */,
				DC979E3E13B35F8800656CB9 /* libcocos2d-extensions-mac.a in Frameworks */,
				DC485B4613AA18A600F2BC70 /* libcocosdenshion-mac.a in Frameworks */,
				DC485B1713AA0EBB00F2BC70 /* libbox2d-mac.a in Frameworks */,
				DC485B1113AA0E5600F2BC70 /* libchipmunk-mac.a in Frameworks */,
				DCF95CD213A97EC500AE3B80 /* libcocos2d-mac.a in Frameworks */,
				DCF95CD413A97EC500AE3B80 /* libkobold2d-mac.a in Frameworks */,
			);
			runOnlyForDeploymentPostprocessing = 0;
		};
/* End PBXFrameworksBuildPhase section */

/* Begin PBXGroup section */
		842A263D183331C800724B06 /* Burrito */ = {
			isa = PBXGroup;
			children = (
				84B901E9185FD88400FD22E5 /* burrito7.jpg */,
				84B901EA185FD88400FD22E5 /* burrito8.jpg */,
				84B901EB185FD88400FD22E5 /* burrito9.jpg */,
				84B901EC185FD88400FD22E5 /* burrito10.jpg */,
				842A263E183331C800724B06 /* burrito1.png */,
				842A263F183331C800724B06 /* burrito2.jpg */,
				842A2640183331C800724B06 /* burrito3.jpg */,
				842A2641183331C800724B06 /* burrito4.jpg */,
				842A2642183331C800724B06 /* burrito5.png */,
				842A2643183331C800724B06 /* burrito6.jpg */,
			);
			path = Burrito;
			sourceTree = "<group>";
		};
		842A2657183331E800724B06 /* Tacos */ = {
			isa = PBXGroup;
			children = (
				842A2658183331E800724B06 /* taco1.jpg */,
				842A2659183331E800724B06 /* taco2.jpg */,
				842A265A183331E800724B06 /* taco3.jpg */,
				842A265B183331E800724B06 /* taco4.jpg */,
				842A265C183331E800724B06 /* taco5.png */,
				842A265D183331E800724B06 /* taco6.jpg */,
				84B901E1185FD87A00FD22E5 /* taco7.gif */,
				84B901E2185FD87A00FD22E5 /* taco8.jpg */,
				84B901E3185FD87A00FD22E5 /* taco9.jpg */,
				84B901E4185FD87A00FD22E5 /* taco10.jpg */,
			);
			path = Tacos;
			sourceTree = "<group>";
		};
		DC1BE68414F417CC00F49D25 /* ubuntu-font-family-0.80 */ = {
			isa = PBXGroup;
			children = (
				DC1BE68614F417CC00F49D25 /* copyright.txt */,
				DC1BE68914F417CC00F49D25 /* LICENCE.txt */,
				DC1BE68C14F417CC00F49D25 /* Ubuntu-B.ttf */,
				DC1BE68D14F417CC00F49D25 /* Ubuntu-BI.ttf */,
				DC1BE68E14F417CC00F49D25 /* Ubuntu-C.ttf */,
				DC1BE68F14F417CC00F49D25 /* Ubuntu-L.ttf */,
				DC1BE69014F417CC00F49D25 /* Ubuntu-LI.ttf */,
				DC1BE69114F417CC00F49D25 /* Ubuntu-M.ttf */,
				DC1BE69214F417CC00F49D25 /* Ubuntu-MI.ttf */,
				DC1BE69314F417CC00F49D25 /* Ubuntu-R.ttf */,
				DC1BE69414F417CC00F49D25 /* Ubuntu-RI.ttf */,
				DC1BE69514F417CC00F49D25 /* UbuntuMono-B.ttf */,
				DC1BE69614F417CC00F49D25 /* UbuntuMono-BI.ttf */,
				DC1BE69714F417CC00F49D25 /* UbuntuMono-R.ttf */,
				DC1BE69814F417CC00F49D25 /* UbuntuMono-RI.ttf */,
			);
			path = "ubuntu-font-family-0.80";
			sourceTree = "<group>";
		};
		DCC1A0D613A94EC0005BD75D = {
			isa = PBXGroup;
			children = (
				845264A71858065300CE14E3 /* GameKit.framework */,
				DCC1A38C13A94F1A005BD75D /* Projectfiles */,
				DCC1A0F713A94ED5005BD75D /* Projectfiles-iOS */,
				DCC1A26413A94EE6005BD75D /* Projectfiles-Mac */,
				DCFA90ED13B4F6A0009DD35A /* BuildSettings */,
				DCC1A0E613A94ED5005BD75D /* Frameworks */,
				DCC1A0E413A94ED5005BD75D /* Products */,
			);
			sourceTree = "<group>";
		};
		DCC1A0E413A94ED5005BD75D /* Products */ = {
			isa = PBXGroup;
			children = (
				DCC1A0E313A94ED5005BD75D /* TacoBurrito-iOS.app */,
				DCC1A25A13A94EE6005BD75D /* TacoBurrito-Mac.app */,
			);
			name = Products;
			sourceTree = "<group>";
		};
		DCC1A0E613A94ED5005BD75D /* Frameworks */ = {
			isa = PBXGroup;
			children = (
			);
			name = Frameworks;
			sourceTree = "<group>";
		};
		DCC1A0F713A94ED5005BD75D /* Projectfiles-iOS */ = {
			isa = PBXGroup;
			children = (
				DC1BE68414F417CC00F49D25 /* ubuntu-font-family-0.80 */,
				DCC1A0F813A94ED5005BD75D /* Resources */,
			);
			path = "Projectfiles-iOS";
			sourceTree = "<group>";
		};
		DCC1A0F813A94ED5005BD75D /* Resources */ = {
			isa = PBXGroup;
			children = (
				DC2721A9160CAFC700D88944 /* iTunesArtwork */,
				DC2721A1160CAEB600D88944 /* Default-568h@2x.png */,
				DCC1A0F913A94ED5005BD75D /* Default.png */,
				DCC1A0FB13A94ED5005BD75D /* fps_images.png */,
				DC26D6D914B9F2C600B6002E /* fps_images-hd.png */,
				DC65617215114B4A00E59F8A /* fps_images-ipadhd.png */,
				DCC1A0FD13A94ED5005BD75D /* Icon-72.png */,
				DCC1A0FF13A94ED5005BD75D /* Icon-Small-50.png */,
				DCC1A10113A94ED5005BD75D /* Icon-Small.png */,
				DCC1A10313A94ED5005BD75D /* Icon-Small@2x.png */,
				DCC1A10513A94ED5005BD75D /* Icon.png */,
				DCC1A10713A94ED5005BD75D /* Icon@2x.png */,
				DCC1A10913A94ED5005BD75D /* Info.plist */,
			);
			path = Resources;
			sourceTree = "<group>";
		};
		DCC1A26413A94EE6005BD75D /* Projectfiles-Mac */ = {
			isa = PBXGroup;
			children = (
				DCC1A26513A94EE6005BD75D /* Resources */,
			);
			path = "Projectfiles-Mac";
			sourceTree = "<group>";
		};
		DCC1A26513A94EE6005BD75D /* Resources */ = {
			isa = PBXGroup;
			children = (
				DCC1A26D13A94EE6005BD75D /* fps_images.png */,
				DCC1A26F13A94EE6005BD75D /* icon.icns */,
				DCC1A27113A94EE6005BD75D /* Info.plist */,
				DCC1A26613A94EE6005BD75D /* English.lproj */,
			);
			name = Resources;
			sourceTree = "<group>";
		};
		DCC1A26613A94EE6005BD75D /* English.lproj */ = {
			isa = PBXGroup;
			children = (
				DCC1A26713A94EE6005BD75D /* InfoPlist.strings */,
				DCC1A26A13A94EE6005BD75D /* MainMenu.xib */,
			);
			name = English.lproj;
			sourceTree = "<group>";
		};
		DCC1A38C13A94F1A005BD75D /* Projectfiles */ = {
			isa = PBXGroup;
			children = (
				DCC1A38F13A94F1A005BD75D /* HelloWorldLayer.h */,
				DCC1A39013A94F1A005BD75D /* HelloWorldLayer.m */,
				84A4D6CC18347C12006B1C93 /* Title.h */,
				84A4D6CD18347C12006B1C93 /* Title.m */,
				842A266C18333B0200724B06 /* GG.h */,
				842A266D18333B0200724B06 /* GG.m */,
				DCC1A38D13A94F1A005BD75D /* AppDelegate.h */,
				DCC1A38E13A94F1A005BD75D /* AppDelegate.m */,
				DCC1A39413A94F1A005BD75D /* Resources */,
				DCC1A3CF13A94F2C005BD75D /* Supporting Files */,
			);
			path = Projectfiles;
			sourceTree = "<group>";
		};
		DCC1A39413A94F1A005BD75D /* Resources */ = {
			isa = PBXGroup;
			children = (
				84A4D6D318347D8B006B1C93 /* start-hd.png */,
				84A4D6D418347D8B006B1C93 /* start.png */,
				84A4D6CF18347C6A006B1C93 /* titlescreen-hd.png */,
				84A4D6D018347C6A006B1C93 /* titlescreen.png */,
				842A263518332AF900724B06 /* burrito-hd.png */,
				842A263618332AF900724B06 /* burrito.png */,
				842A263718332AF900724B06 /* taco-hd.png */,
				84A4D6CA1834779B006B1C93 /* white.png */,
				842A263818332AF900724B06 /* taco.png */,
				842A2668183339D100724B06 /* gg-hd.png */,
				842A2669183339D100724B06 /* gg.png */,
				840BCDFD17F3E4BB0062F895 /* darkbluebg.png */,
				842A26641833362900724B06 /* title-hd.png */,
				842A26651833362900724B06 /* title.png */,
				840BCDFF17F3E4C20062F895 /* derp.png */,
				DC485B4713AA194F00F2BC70 /* ship.png */,
				DC485B4A13AA1C0E00F2BC70 /* ship-hd.png */,
				DCC1A39513A94F1A005BD75D /* config.lua */,
				842A263D183331C800724B06 /* Burrito */,
				DC275D2A13B27DBF009C5098 /* Pow.caf */,
				842A2657183331E800724B06 /* Tacos */,
			);
			path = Resources;
			sourceTree = "<group>";
		};
		DCC1A3CF13A94F2C005BD75D /* Supporting Files */ = {
			isa = PBXGroup;
			children = (
				DCC1A39113A94F1A005BD75D /* main.m */,
				DCC1A39213A94F1A005BD75D /* Prefix-iOS.pch */,
				DCC1A39313A94F1A005BD75D /* Prefix-Mac.pch */,
			);
			name = "Supporting Files";
			sourceTree = "<group>";
		};
		DCFA90ED13B4F6A0009DD35A /* BuildSettings */ = {
			isa = PBXGroup;
			children = (
				DCFA90EF13B4F6F7009DD35A /* BuildSettings-Debug-iOS.xcconfig */,
				DCFA90F013B4F811009DD35A /* BuildSettings-Release-iOS.xcconfig */,
				DC3BE97813B4FB71003739CC /* BuildSettings-iOS.xcconfig */,
				DC9C33E713B5024400931BF2 /* BuildSettings-Debug-Mac.xcconfig */,
				DC9C33E913B5024400931BF2 /* BuildSettings-Release-Mac.xcconfig */,
				DC9C33E813B5024400931BF2 /* BuildSettings-Mac.xcconfig */,
			);
			path = BuildSettings;
			sourceTree = "<group>";
		};
/* End PBXGroup section */

/* Begin PBXNativeTarget section */
		DCC1A0E213A94ED5005BD75D /* TacoBurrito-iOS */ = {
			isa = PBXNativeTarget;
			buildConfigurationList = DCC1A25313A94ED7005BD75D /* Build configuration list for PBXNativeTarget "TacoBurrito-iOS" */;
			buildPhases = (
				DCC1A0DF13A94ED5005BD75D /* Sources */,
				DCC1A0E013A94ED5005BD75D /* Frameworks */,
				DCC1A0E113A94ED5005BD75D /* Resources */,
			);
			buildRules = (
			);
			dependencies = (
			);
			name = "TacoBurrito-iOS";
			productName = "Hello-World-iOS";
			productReference = DCC1A0E313A94ED5005BD75D /* TacoBurrito-iOS.app */;
			productType = "com.apple.product-type.application";
		};
		DCC1A25913A94EE6005BD75D /* TacoBurrito-Mac */ = {
			isa = PBXNativeTarget;
			buildConfigurationList = DCC1A38913A94EE7005BD75D /* Build configuration list for PBXNativeTarget "TacoBurrito-Mac" */;
			buildPhases = (
				DCC1A25613A94EE6005BD75D /* Sources */,
				DCC1A25713A94EE6005BD75D /* Frameworks */,
				DCC1A25813A94EE6005BD75D /* Resources */,
			);
			buildRules = (
			);
			dependencies = (
			);
			name = "TacoBurrito-Mac";
			productName = "Hello-World-Mac";
			productReference = DCC1A25A13A94EE6005BD75D /* TacoBurrito-Mac.app */;
			productType = "com.apple.product-type.application";
		};
/* End PBXNativeTarget section */

/* Begin PBXProject section */
		DCC1A0D813A94EC0005BD75D /* Project object */ = {
			isa = PBXProject;
			attributes = {
				LastUpgradeCheck = 0420;
			};
			buildConfigurationList = DCC1A0DB13A94EC0005BD75D /* Build configuration list for PBXProject "TacoBurrito" */;
			compatibilityVersion = "Xcode 3.2";
			developmentRegion = English;
			hasScannedForEncodings = 0;
			knownRegions = (
				en,
				English,
			);
			mainGroup = DCC1A0D613A94EC0005BD75D;
			productRefGroup = DCC1A0E413A94ED5005BD75D /* Products */;
			projectDirPath = "";
			projectRoot = "";
			targets = (
				DCC1A0E213A94ED5005BD75D /* TacoBurrito-iOS */,
				DCC1A25913A94EE6005BD75D /* TacoBurrito-Mac */,
			);
		};
/* End PBXProject section */

/* Begin PBXResourcesBuildPhase section */
		DCC1A0E113A94ED5005BD75D /* Resources */ = {
			isa = PBXResourcesBuildPhase;
			buildActionMask = 2147483647;
			files = (
				DCC1A0FA13A94ED5005BD75D /* Default.png in Resources */,
				DCC1A0FC13A94ED5005BD75D /* fps_images.png in Resources */,
				DCC1A0FE13A94ED5005BD75D /* Icon-72.png in Resources */,
				DCC1A10013A94ED5005BD75D /* Icon-Small-50.png in Resources */,
				DCC1A10213A94ED5005BD75D /* Icon-Small.png in Resources */,
				DCC1A10413A94ED5005BD75D /* Icon-Small@2x.png in Resources */,
				DCC1A10613A94ED5005BD75D /* Icon.png in Resources */,
				DCC1A10813A94ED5005BD75D /* Icon@2x.png in Resources */,
				DCC1A3AF13A94F1A005BD75D /* config.lua in Resources */,
				DC485B4813AA194F00F2BC70 /* ship.png in Resources */,
				DC485B4B13AA1C0E00F2BC70 /* ship-hd.png in Resources */,
				DC275D2B13B27DBF009C5098 /* Pow.caf in Resources */,
				DC1BE6A014F417CC00F49D25 /* Ubuntu-B.ttf in Resources */,
				DC1BE6A114F417CC00F49D25 /* Ubuntu-BI.ttf in Resources */,
				DC1BE6A214F417CC00F49D25 /* Ubuntu-C.ttf in Resources */,
				DC1BE6A314F417CC00F49D25 /* Ubuntu-L.ttf in Resources */,
				DC1BE6A414F417CC00F49D25 /* Ubuntu-LI.ttf in Resources */,
				DC1BE6A514F417CC00F49D25 /* Ubuntu-M.ttf in Resources */,
				DC1BE6A614F417CC00F49D25 /* Ubuntu-MI.ttf in Resources */,
				DC1BE6A714F417CC00F49D25 /* Ubuntu-R.ttf in Resources */,
				DC1BE6A814F417CC00F49D25 /* Ubuntu-RI.ttf in Resources */,
				DC1BE6A914F417CC00F49D25 /* UbuntuMono-B.ttf in Resources */,
				DC1BE6AA14F417CC00F49D25 /* UbuntuMono-BI.ttf in Resources */,
				DC1BE6AB14F417CC00F49D25 /* UbuntuMono-R.ttf in Resources */,
				DC1BE6AC14F417CC00F49D25 /* UbuntuMono-RI.ttf in Resources */,
				DC26D6DA14B9F2C600B6002E /* fps_images-hd.png in Resources */,
				DC65617315114B4A00E59F8A /* fps_images-ipadhd.png in Resources */,
				DC2721A2160CAEB600D88944 /* Default-568h@2x.png in Resources */,
				DC2721AA160CAFC700D88944 /* iTunesArtwork in Resources */,
				840BCDFE17F3E4BB0062F895 /* darkbluebg.png in Resources */,
				840BCE0017F3E4C20062F895 /* derp.png in Resources */,
				842A263918332AF900724B06 /* burrito-hd.png in Resources */,
				842A263A18332AF900724B06 /* burrito.png in Resources */,
				842A263B18332AF900724B06 /* taco-hd.png in Resources */,
				842A263C18332AF900724B06 /* taco.png in Resources */,
				842A2644183331C800724B06 /* burrito1.png in Resources */,
				842A2645183331C800724B06 /* burrito2.jpg in Resources */,
				842A2646183331C800724B06 /* burrito3.jpg in Resources */,
				842A2647183331C800724B06 /* burrito4.jpg in Resources */,
				842A2648183331C800724B06 /* burrito5.png in Resources */,
				842A2649183331C800724B06 /* burrito6.jpg in Resources */,
				842A265E183331E800724B06 /* taco1.jpg in Resources */,
				842A265F183331E800724B06 /* taco2.jpg in Resources */,
				842A2660183331E800724B06 /* taco3.jpg in Resources */,
				842A2661183331E800724B06 /* taco4.jpg in Resources */,
				842A2662183331E800724B06 /* taco5.png in Resources */,
				842A2663183331E800724B06 /* taco6.jpg in Resources */,
				842A26661833362900724B06 /* title-hd.png in Resources */,
				842A26671833362900724B06 /* title.png in Resources */,
				842A266A183339D100724B06 /* gg-hd.png in Resources */,
				842A266B183339D100724B06 /* gg.png in Resources */,
				84A4D6CB1834779B006B1C93 /* white.png in Resources */,
				84A4D6D118347C6A006B1C93 /* titlescreen-hd.png in Resources */,
				84A4D6D218347C6A006B1C93 /* titlescreen.png in Resources */,
				84A4D6D518347D8B006B1C93 /* start-hd.png in Resources */,
				84A4D6D618347D8B006B1C93 /* start.png in Resources */,
				84B901E5185FD87A00FD22E5 /* taco7.gif in Resources */,
				84B901E6185FD87A00FD22E5 /* taco8.jpg in Resources */,
				84B901E7185FD87A00FD22E5 /* taco9.jpg in Resources */,
				84B901E8185FD87A00FD22E5 /* taco10.jpg in Resources */,
				84B901ED185FD88400FD22E5 /* burrito7.jpg in Resources */,
				84B901EE185FD88400FD22E5 /* burrito8.jpg in Resources */,
				84B901EF185FD88400FD22E5 /* burrito9.jpg in Resources */,
				84B901F0185FD88400FD22E5 /* burrito10.jpg in Resources */,
			);
			runOnlyForDeploymentPostprocessing = 0;
		};
		DCC1A25813A94EE6005BD75D /* Resources */ = {
			isa = PBXResourcesBuildPhase;
			buildActionMask = 2147483647;
			files = (
				DCC1A26913A94EE6005BD75D /* InfoPlist.strings in Resources */,
				DCC1A26C13A94EE6005BD75D /* MainMenu.xib in Resources */,
				DCC1A26E13A94EE6005BD75D /* fps_images.png in Resources */,
				DCC1A27013A94EE6005BD75D /* icon.icns in Resources */,
				DCC1A3B013A94F1A005BD75D /* config.lua in Resources */,
				DC485B4913AA194F00F2BC70 /* ship.png in Resources */,
				DC485B4C13AA1C0E00F2BC70 /* ship-hd.png in Resources */,
				DC275D2C13B27DBF009C5098 /* Pow.caf in Resources */,
				DC26D6DB14B9F2C600B6002E /* fps_images-hd.png in Resources */,
			);
			runOnlyForDeploymentPostprocessing = 0;
		};
/* End PBXResourcesBuildPhase section */

/* Begin PBXSourcesBuildPhase section */
		DCC1A0DF13A94ED5005BD75D /* Sources */ = {
			isa = PBXSourcesBuildPhase;
			buildActionMask = 2147483647;
			files = (
				DCC1A3A913A94F1A005BD75D /* AppDelegate.m in Sources */,
				DCC1A3AB13A94F1A005BD75D /* HelloWorldLayer.m in Sources */,
				DCC1A3AD13A94F1A005BD75D /* main.m in Sources */,
				842A266E18333B0200724B06 /* GG.m in Sources */,
				84A4D6CE18347C12006B1C93 /* Title.m in Sources */,
			);
			runOnlyForDeploymentPostprocessing = 0;
		};
		DCC1A25613A94EE6005BD75D /* Sources */ = {
			isa = PBXSourcesBuildPhase;
			buildActionMask = 2147483647;
			files = (
				DCC1A3AA13A94F1A005BD75D /* AppDelegate.m in Sources */,
				DCC1A3AC13A94F1A005BD75D /* HelloWorldLayer.m in Sources */,
				DCC1A3AE13A94F1A005BD75D /* main.m in Sources */,
			);
			runOnlyForDeploymentPostprocessing = 0;
		};
/* End PBXSourcesBuildPhase section */

/* Begin PBXVariantGroup section */
		DCC1A26713A94EE6005BD75D /* InfoPlist.strings */ = {
			isa = PBXVariantGroup;
			children = (
				DCC1A26813A94EE6005BD75D /* English */,
			);
			name = InfoPlist.strings;
			sourceTree = "<group>";
		};
		DCC1A26A13A94EE6005BD75D /* MainMenu.xib */ = {
			isa = PBXVariantGroup;
			children = (
				DCC1A26B13A94EE6005BD75D /* English */,
			);
			name = MainMenu.xib;
			sourceTree = "<group>";
		};
/* End PBXVariantGroup section */

/* Begin XCBuildConfiguration section */
		DCC1A0DD13A94EC0005BD75D /* Debug */ = {
			isa = XCBuildConfiguration;
			buildSettings = {
			};
			name = Debug;
		};
		DCC1A0DE13A94EC0005BD75D /* Release */ = {
			isa = XCBuildConfiguration;
			buildSettings = {
			};
			name = Release;
		};
		DCC1A25413A94ED7005BD75D /* Debug */ = {
			isa = XCBuildConfiguration;
			baseConfigurationReference = DCFA90EF13B4F6F7009DD35A /* BuildSettings-Debug-iOS.xcconfig */;
			buildSettings = {
			};
			name = Debug;
		};
		DCC1A25513A94ED7005BD75D /* Release */ = {
			isa = XCBuildConfiguration;
			baseConfigurationReference = DCFA90F013B4F811009DD35A /* BuildSettings-Release-iOS.xcconfig */;
			buildSettings = {
			};
			name = Release;
		};
		DCC1A38A13A94EE7005BD75D /* Debug */ = {
			isa = XCBuildConfiguration;
			baseConfigurationReference = DC9C33E713B5024400931BF2 /* BuildSettings-Debug-Mac.xcconfig */;
			buildSettings = {
			};
			name = Debug;
		};
		DCC1A38B13A94EE7005BD75D /* Release */ = {
			isa = XCBuildConfiguration;
			baseConfigurationReference = DC9C33E913B5024400931BF2 /* BuildSettings-Release-Mac.xcconfig */;
			buildSettings = {
			};
			name = Release;
		};
/* End XCBuildConfiguration section */

/* Begin XCConfigurationList section */
		DCC1A0DB13A94EC0005BD75D /* Build configuration list for PBXProject "TacoBurrito" */ = {
			isa = XCConfigurationList;
			buildConfigurations = (
				DCC1A0DD13A94EC0005BD75D /* Debug */,
				DCC1A0DE13A94EC0005BD75D /* Release */,
			);
			defaultConfigurationIsVisible = 0;
			defaultConfigurationName = Release;
		};
		DCC1A25313A94ED7005BD75D /* Build configuration list for PBXNativeTarget "TacoBurrito-iOS" */ = {
			isa = XCConfigurationList;
			buildConfigurations = (
				DCC1A25413A94ED7005BD75D /* Debug */,
				DCC1A25513A94ED7005BD75D /* Release */,
			);
			defaultConfigurationIsVisible = 0;
			defaultConfigurationName = Release;
		};
		DCC1A38913A94EE7005BD75D /* Build configuration list for PBXNativeTarget "TacoBurrito-Mac" */ = {
			isa = XCConfigurationList;
			buildConfigurations = (
				DCC1A38A13A94EE7005BD75D /* Debug */,
				DCC1A38B13A94EE7005BD75D /* Release */,
			);
			defaultConfigurationIsVisible = 0;
			defaultConfigurationName = Release;
		};
/* End XCConfigurationList section */
	};
	rootObject = DCC1A0D813A94EC0005BD75D /* Project object */;
}
